
Microsoft Visual Studio Solution File, Format Version 12.00
# Visual Studio Version 16
VisualStudioVersion = 16.0.30907.101
MinimumVisualStudioVersion = 10.0.40219.1
Project("{9A19103F-16F7-4668-BE54-9A1E7A4F7556}") = "DataAccess", "DataAccess\DataAccess.csproj", "{A55BD9D4-9AB7-4342-B6B7-44AECF0BCE4A}"
EndProject
Project("{9A19103F-16F7-4668-BE54-9A1E7A4F7556}") = "Business", "Business\Business.csproj", "{6EED9C2E-9ECB-4A57-ABA8-4BBB0D468C80}"
EndProject
Project("{9A19103F-16F7-4668-BE54-9A1E7A4F7556}") = "Entities", "Entities\Entities.csproj", "{07BBF4CA-8A24-4F7C-B88A-C97145008838}"
EndProject
Project("{9A19103F-16F7-4668-BE54-9A1E7A4F7556}") = "ConsoleUI", "ConsoleUI\ConsoleUI.csproj", "{8BA465FD-2E68-4632-86CA-B49128513B72}"
EndProject
Project("{FAE04EC0-301F-11D3-BF4B-00C04F79EFBC}") = "FormsUI", "Form1\FormsUI.csproj", "{D778114E-6B84-4077-92C6-4BCDFE48BD4F}"
EndProject
Project("{00D1A9C2-B5F0-4AF3-8072-F6C62B433612}") = "Hotel_DataBase", "Hotel_DataBase\Hotel_DataBase.sqlproj", "{CC59B65A-5C5E-4E7F-8A6E-6F5F81884539}"
EndProject
Global
	GlobalSection(SolutionConfigurationPlatforms) = preSolution
		Debug|Any CPU = Debug|Any CPU
		Release|Any CPU = Release|Any CPU
	EndGlobalSection
	GlobalSection(ProjectConfigurationPlatforms) = postSolution
		{A55BD9D4-9AB7-4342-B6B7-44AECF0BCE4A}.Debug|Any CPU.ActiveCfg = Debug|Any CPU
		{A55BD9D4-9AB7-4342-B6B7-44AECF0BCE4A}.Debug|Any CPU.Build.0 = Debug|Any CPU
		{A55BD9D4-9AB7-4342-B6B7-44AECF0BCE4A}.Release|Any CPU.ActiveCfg = Release|Any CPU
		{A55BD9D4-9AB7-4342-B6B7-44AECF0BCE4A}.Release|Any CPU.Build.0 = Release|Any CPU
		{6EED9C2E-9ECB-4A57-ABA8-4BBB0D468C80}.Debug|Any CPU.ActiveCfg = Debug|Any CPU
		{6EED9C2E-9ECB-4A57-ABA8-4BBB0D468C80}.Debug|Any CPU.Build.0 = Debug|Any CPU
		{6EED9C2E-9ECB-4A57-ABA8-4BBB0D468C80}.Release|Any CPU.ActiveCfg = Release|Any CPU
		{6EED9C2E-9ECB-4A57-ABA8-4BBB0D468C80}.Release|Any CPU.Build.0 = Release|Any CPU
		{07BBF4CA-8A24-4F7C-B88A-C97145008838}.Debug|Any CPU.ActiveCfg = Debug|Any CPU
		{07BBF4CA-8A24-4F7C-B88A-C97145008838}.Debug|Any CPU.Build.0 = Debug|Any CPU
		{07BBF4CA-8A24-4F7C-B88A-C97145008838}.Release|Any CPU.ActiveCfg = Release|Any CPU
		{07BBF4CA-8A24-4F7C-B88A-C97145008838}.Release|Any CPU.Build.0 = Release|Any CPU
		{8BA465FD-2E68-4632-86CA-B49128513B72}.Debug|Any CPU.ActiveCfg = Debug|Any CPU
		{8BA465FD-2E68-4632-86CA-B49128513B72}.Debug|Any CPU.Build.0 = Debug|Any CPU
		{8BA465FD-2E68-4632-86CA-B49128513B72}.Release|Any CPU.ActiveCfg = Release|Any CPU
		{8BA465FD-2E68-4632-86CA-B49128513B72}.Release|Any CPU.Build.0 = Release|Any CPU
		{D778114E-6B84-4077-92C6-4BCDFE48BD4F}.Debug|Any CPU.ActiveCfg = Debug|Any CPU
		{D778114E-6B84-4077-92C6-4BCDFE48BD4F}.Debug|Any CPU.Build.0 = Debug|Any CPU
		{D778114E-6B84-4077-92C6-4BCDFE48BD4F}.Release|Any CPU.ActiveCfg = Release|Any CPU
		{D778114E-6B84-4077-92C6-4BCDFE48BD4F}.Release|Any CPU.Build.0 = Release|Any CPU
		{CC59B65A-5C5E-4E7F-8A6E-6F5F81884539}.Debug|Any CPU.ActiveCfg = Debug|Any CPU
		{CC59B65A-5C5E-4E7F-8A6E-6F5F81884539}.Debug|Any CPU.Build.0 = Debug|Any CPU
		{CC59B65A-5C5E-4E7F-8A6E-6F5F81884539}.Debug|Any CPU.Deploy.0 = Debug|Any CPU
		{CC59B65A-5C5E-4E7F-8A6E-6F5F81884539}.Release|Any CPU.ActiveCfg = Release|Any CPU
		{CC59B65A-5C5E-4E7F-8A6E-6F5F81884539}.Release|Any CPU.Build.0 = Release|Any CPU
		{CC59B65A-5C5E-4E7F-8A6E-6F5F81884539}.Release|Any CPU.Deploy.0 = Release|Any CPU
	EndGlobalSection
	GlobalSection(SolutionProperties) = preSolution
		HideSolutionNode = FALSE
	EndGlobalSection
	GlobalSection(ExtensibilityGlobals) = postSolution
		SolutionGuid = {D4C1F3A0-A1FE-4E63-9049-4A0AC18BA6D1}
	EndGlobalSection
EndGlobal
